
Microsoft Visual Studio Solution File, Format Version 12.00
# Visual Studio Version 17
VisualStudioVersion = 17.8.34525.116
MinimumVisualStudioVersion = 10.0.40219.1
Project("{FAE04EC0-301F-11D3-BF4B-00C04F79EFBC}") = "Mission07_Kherlenbayar", "Mission07_Kherlenbayar\Mission07_Kherlenbayar.csproj", "{382662CA-53D2-4694-8CE8-D2568DCFB8E4}"
EndProject
Global
	GlobalSection(SolutionConfigurationPlatforms) = preSolution
		Debug|Any CPU = Debug|Any CPU
		Release|Any CPU = Release|Any CPU
	EndGlobalSection
	GlobalSection(ProjectConfigurationPlatforms) = postSolution
		{382662CA-53D2-4694-8CE8-D2568DCFB8E4}.Debug|Any CPU.ActiveCfg = Debug|Any CPU
		{382662CA-53D2-4694-8CE8-D2568DCFB8E4}.Debug|Any CPU.Build.0 = Debug|Any CPU
		{382662CA-53D2-4694-8CE8-D2568DCFB8E4}.Release|Any CPU.ActiveCfg = Release|Any CPU
		{382662CA-53D2-4694-8CE8-D2568DCFB8E4}.Release|Any CPU.Build.0 = Release|Any CPU
	EndGlobalSection
	GlobalSection(SolutionProperties) = preSolution
		HideSolutionNode = FALSE
	EndGlobalSection
	GlobalSection(ExtensibilityGlobals) = postSolution
		SolutionGuid = {D33C77C6-EA02-49E9-8C24-8350385A8709}
	EndGlobalSection
EndGlobal
